
Microsoft Visual Studio Solution File, Format Version 12.00
# Visual Studio Version 17
VisualStudioVersion = 17.13.35828.75 d17.13
MinimumVisualStudioVersion = 10.0.40219.1
Project("{FAE04EC0-301F-11D3-BF4B-00C04F79EFBC}") = "Accept4number", "Exam Programs\Accept4number.csproj", "{AEFD8197-C842-4055-BAE6-E9B353B166D9}"
EndProject
Global
	GlobalSection(SolutionConfigurationPlatforms) = preSolution
		Debug|Any CPU = Debug|Any CPU
		Release|Any CPU = Release|Any CPU
	EndGlobalSection
	GlobalSection(ProjectConfigurationPlatforms) = postSolution
		{AEFD8197-C842-4055-BAE6-E9B353B166D9}.Debug|Any CPU.ActiveCfg = Debug|Any CPU
		{AEFD8197-C842-4055-BAE6-E9B353B166D9}.Debug|Any CPU.Build.0 = Debug|Any CPU
		{AEFD8197-C842-4055-BAE6-E9B353B166D9}.Release|Any CPU.ActiveCfg = Release|Any CPU
		{AEFD8197-C842-4055-BAE6-E9B353B166D9}.Release|Any CPU.Build.0 = Release|Any CPU
	EndGlobalSection
	GlobalSection(SolutionProperties) = preSolution
		HideSolutionNode = FALSE
	EndGlobalSection
	GlobalSection(ExtensibilityGlobals) = postSolution
		SolutionGuid = {0045DEEF-D4D3-4253-B339-2F8BF9EDFD39}
	EndGlobalSection
EndGlobal
